
Microsoft Visual Studio Solution File, Format Version 12.00
# Visual Studio Version 17
VisualStudioVersion = 17.4.33213.308
MinimumVisualStudioVersion = 10.0.40219.1
Project("{9A19103F-16F7-4668-BE54-9A1E7A4F7556}") = "SoftAssist", "SoftAssist.csproj", "{17138EF0-2267-4670-B0E5-15A1A3A559FA}"
EndProject
Project("{2150E333-8FDC-42A3-9474-1A3956D46DE8}") = "Elementos de la solución", "Elementos de la solución", "{A547F57E-5153-41CC-8FD8-9D95D0695037}"
EndProject
Global
	GlobalSection(SolutionConfigurationPlatforms) = preSolution
		Debug|Any CPU = Debug|Any CPU
		Release|Any CPU = Release|Any CPU
	EndGlobalSection
	GlobalSection(ProjectConfigurationPlatforms) = postSolution
		{17138EF0-2267-4670-B0E5-15A1A3A559FA}.Debug|Any CPU.ActiveCfg = Debug|Any CPU
		{17138EF0-2267-4670-B0E5-15A1A3A559FA}.Debug|Any CPU.Build.0 = Debug|Any CPU
		{17138EF0-2267-4670-B0E5-15A1A3A559FA}.Release|Any CPU.ActiveCfg = Release|Any CPU
		{17138EF0-2267-4670-B0E5-15A1A3A559FA}.Release|Any CPU.Build.0 = Release|Any CPU
	EndGlobalSection
	GlobalSection(SolutionProperties) = preSolution
		HideSolutionNode = FALSE
	EndGlobalSection
	GlobalSection(ExtensibilityGlobals) = postSolution
		SolutionGuid = {FD3AB5A5-4E0F-4039-9D9E-437F9C733E11}
	EndGlobalSection
EndGlobal
